
Microsoft Visual Studio Solution File, Format Version 12.00
Project("{FAE04EC0-301F-11D3-BF4B-00C04F79EFBC}") = "Model", "Model\Model.csproj", "{5B192D25-1CF1-4752-8D9B-D03D72512CA9}"
EndProject
Project("{FAE04EC0-301F-11D3-BF4B-00C04F79EFBC}") = "ViewModel", "ViewModel\ViewModel.csproj", "{0EF8336D-A17F-424F-9890-F8DFB3FDA8D2}"
EndProject
Project("{FAE04EC0-301F-11D3-BF4B-00C04F79EFBC}") = "Dane", "Dane\Dane.csproj", "{F8716883-E81F-4841-A1E7-5C93EB7BD35D}"
EndProject
Project("{FAE04EC0-301F-11D3-BF4B-00C04F79EFBC}") = "Logika", "Logika\Logika.csproj", "{D5F2CD59-5E67-41D3-A7DC-D638D655078C}"
EndProject
Project("{FAE04EC0-301F-11D3-BF4B-00C04F79EFBC}") = "Tests", "Tests\Tests.csproj", "{98D78020-A373-41B5-8CA9-161842B556C0}"
EndProject
Project("{FAE04EC0-301F-11D3-BF4B-00C04F79EFBC}") = "GUI", "GUI\GUI.csproj", "{619D37F3-A98A-464E-B53F-9373213552AF}"
EndProject
Global
	GlobalSection(SolutionConfigurationPlatforms) = preSolution
		Debug|Any CPU = Debug|Any CPU
		Release|Any CPU = Release|Any CPU
	EndGlobalSection
	GlobalSection(ProjectConfigurationPlatforms) = postSolution
		{5B192D25-1CF1-4752-8D9B-D03D72512CA9}.Debug|Any CPU.ActiveCfg = Debug|Any CPU
		{5B192D25-1CF1-4752-8D9B-D03D72512CA9}.Debug|Any CPU.Build.0 = Debug|Any CPU
		{5B192D25-1CF1-4752-8D9B-D03D72512CA9}.Release|Any CPU.ActiveCfg = Release|Any CPU
		{5B192D25-1CF1-4752-8D9B-D03D72512CA9}.Release|Any CPU.Build.0 = Release|Any CPU
		{0EF8336D-A17F-424F-9890-F8DFB3FDA8D2}.Debug|Any CPU.ActiveCfg = Debug|Any CPU
		{0EF8336D-A17F-424F-9890-F8DFB3FDA8D2}.Debug|Any CPU.Build.0 = Debug|Any CPU
		{0EF8336D-A17F-424F-9890-F8DFB3FDA8D2}.Release|Any CPU.ActiveCfg = Release|Any CPU
		{0EF8336D-A17F-424F-9890-F8DFB3FDA8D2}.Release|Any CPU.Build.0 = Release|Any CPU
		{F8716883-E81F-4841-A1E7-5C93EB7BD35D}.Debug|Any CPU.ActiveCfg = Debug|Any CPU
		{F8716883-E81F-4841-A1E7-5C93EB7BD35D}.Debug|Any CPU.Build.0 = Debug|Any CPU
		{F8716883-E81F-4841-A1E7-5C93EB7BD35D}.Release|Any CPU.ActiveCfg = Release|Any CPU
		{F8716883-E81F-4841-A1E7-5C93EB7BD35D}.Release|Any CPU.Build.0 = Release|Any CPU
		{D5F2CD59-5E67-41D3-A7DC-D638D655078C}.Debug|Any CPU.ActiveCfg = Debug|Any CPU
		{D5F2CD59-5E67-41D3-A7DC-D638D655078C}.Debug|Any CPU.Build.0 = Debug|Any CPU
		{D5F2CD59-5E67-41D3-A7DC-D638D655078C}.Release|Any CPU.ActiveCfg = Release|Any CPU
		{D5F2CD59-5E67-41D3-A7DC-D638D655078C}.Release|Any CPU.Build.0 = Release|Any CPU
		{98D78020-A373-41B5-8CA9-161842B556C0}.Debug|Any CPU.ActiveCfg = Debug|Any CPU
		{98D78020-A373-41B5-8CA9-161842B556C0}.Debug|Any CPU.Build.0 = Debug|Any CPU
		{98D78020-A373-41B5-8CA9-161842B556C0}.Release|Any CPU.ActiveCfg = Release|Any CPU
		{98D78020-A373-41B5-8CA9-161842B556C0}.Release|Any CPU.Build.0 = Release|Any CPU
		{619D37F3-A98A-464E-B53F-9373213552AF}.Debug|Any CPU.ActiveCfg = Debug|Any CPU
		{619D37F3-A98A-464E-B53F-9373213552AF}.Debug|Any CPU.Build.0 = Debug|Any CPU
		{619D37F3-A98A-464E-B53F-9373213552AF}.Release|Any CPU.ActiveCfg = Release|Any CPU
		{619D37F3-A98A-464E-B53F-9373213552AF}.Release|Any CPU.Build.0 = Release|Any CPU
	EndGlobalSection
EndGlobal
